
Microsoft Visual Studio Solution File, Format Version 12.00
# Visual Studio Version 16
VisualStudioVersion = 16.0.30717.126
MinimumVisualStudioVersion = 10.0.40219.1
Project("{9A19103F-16F7-4668-BE54-9A1E7A4F7556}") = "TakeHomeTask.InvoiceManager", "TakeHomeTask.InvoiceManager\TakeHomeTask.InvoiceManager.csproj", "{F171D875-A25A-442A-9598-167A089F2E45}"
EndProject
Project("{9A19103F-16F7-4668-BE54-9A1E7A4F7556}") = "TakeHome.Models", "TakeHomeTask.Models\TakeHome.Models.csproj", "{CDCA3E94-A696-4595-B562-10E4298E87AF}"
EndProject
Project("{9A19103F-16F7-4668-BE54-9A1E7A4F7556}") = "TakeHome.WebAPI", "TakeHomeTask.WebAPI\TakeHome.WebAPI.csproj", "{F2CAFF75-3F66-4ADE-B9E3-78BFA444B796}"
EndProject
Global
	GlobalSection(SolutionConfigurationPlatforms) = preSolution
		Debug|Any CPU = Debug|Any CPU
		Release|Any CPU = Release|Any CPU
	EndGlobalSection
	GlobalSection(ProjectConfigurationPlatforms) = postSolution
		{F171D875-A25A-442A-9598-167A089F2E45}.Debug|Any CPU.ActiveCfg = Debug|Any CPU
		{F171D875-A25A-442A-9598-167A089F2E45}.Debug|Any CPU.Build.0 = Debug|Any CPU
		{F171D875-A25A-442A-9598-167A089F2E45}.Release|Any CPU.ActiveCfg = Release|Any CPU
		{F171D875-A25A-442A-9598-167A089F2E45}.Release|Any CPU.Build.0 = Release|Any CPU
		{CDCA3E94-A696-4595-B562-10E4298E87AF}.Debug|Any CPU.ActiveCfg = Debug|Any CPU
		{CDCA3E94-A696-4595-B562-10E4298E87AF}.Debug|Any CPU.Build.0 = Debug|Any CPU
		{CDCA3E94-A696-4595-B562-10E4298E87AF}.Release|Any CPU.ActiveCfg = Release|Any CPU
		{CDCA3E94-A696-4595-B562-10E4298E87AF}.Release|Any CPU.Build.0 = Release|Any CPU
		{F2CAFF75-3F66-4ADE-B9E3-78BFA444B796}.Debug|Any CPU.ActiveCfg = Debug|Any CPU
		{F2CAFF75-3F66-4ADE-B9E3-78BFA444B796}.Debug|Any CPU.Build.0 = Debug|Any CPU
		{F2CAFF75-3F66-4ADE-B9E3-78BFA444B796}.Release|Any CPU.ActiveCfg = Release|Any CPU
		{F2CAFF75-3F66-4ADE-B9E3-78BFA444B796}.Release|Any CPU.Build.0 = Release|Any CPU
	EndGlobalSection
	GlobalSection(SolutionProperties) = preSolution
		HideSolutionNode = FALSE
	EndGlobalSection
	GlobalSection(ExtensibilityGlobals) = postSolution
		SolutionGuid = {D53BBF52-63DD-445A-8439-42BA5CBBA081}
	EndGlobalSection
EndGlobal
